Microsoft Visual Studio Solution File, Format Version 12.00
# Visual Studio Version 17
VisualStudioVersion = 17.0.31903.59
MinimumVisualStudioVersion = 10.0.40219.1
Project("{9A19103F-16F7-4668-BE54-9A1E7A4F7556}") = "AIProgrammer", "AIProgrammer\AIProgrammer.csproj", "{632DBA3A-BAF8-458F-9C3D-DDFACCBEAD8E}"
EndProject
Project("{9A19103F-16F7-4668-BE54-9A1E7A4F7556}") = "AIProgrammer.Database", "AIProgrammer.Database\AIProgrammer.Database.csproj", "{D65CDC62-78AD-4FF7-B04A-E58B78E0B077}"
EndProject
Project("{9A19103F-16F7-4668-BE54-9A1E7A4F7556}") = "AIProgrammer.GeneticAlgorithm", "AIProgrammer.GA\AIProgrammer.GeneticAlgorithm.csproj", "{8EC97DE8-DDFD-437A-B216-91DB8D1A3487}"
EndProject
Project("{9A19103F-16F7-4668-BE54-9A1E7A4F7556}") = "AIProgrammer.Interpreter", "AIProgrammer.Interpreter\AIProgrammer.Interpreter.csproj", "{4F4F1800-BE33-4D38-AD95-6835644C076E}"
EndProject
Project("{9A19103F-16F7-4668-BE54-9A1E7A4F7556}") = "AIProgrammer.Repository", "AIProgrammer.Repository\AIProgrammer.Repository.csproj", "{BD558A71-1699-440F-9876-19322E658E88}"
EndProject
Project("{9A19103F-16F7-4668-BE54-9A1E7A4F7556}") = "AIProgrammer.Types", "AIProgrammer.Types\AIProgrammer.Types.csproj", "{7BCC43B1-33A8-44C8-8F4D-752D89672180}"
EndProject
Project("{9A19103F-16F7-4668-BE54-9A1E7A4F7556}") = "AIProgrammer.Compiler", "AIProgrammer.Compiler\AIProgrammer.Compiler.csproj", "{5F99B6A4-5CB2-432B-8018-E2EDFBB957F7}"
EndProject
Project("{9A19103F-16F7-4668-BE54-9A1E7A4F7556}") = "AIProgrammer.Fitness", "AIProgrammer.Fitness\AIProgrammer.Fitness.csproj", "{2FA2525F-4FAA-45A6-8268-4D561F7C46F9}"
EndProject
Project("{9A19103F-16F7-4668-BE54-9A1E7A4F7556}") = "AIProgrammer.Managers", "AIProgrammer.Managers\AIProgrammer.Managers.csproj", "{06D57F9C-A784-433F-8FF3-0728FECF6F5C}"
EndProject
Project("{9A19103F-16F7-4668-BE54-9A1E7A4F7556}") = "AIProgrammer.Functions", "AIProgrammer.Functions\AIProgrammer.Functions.csproj", "{B8B7C5E4-8F6A-4F4B-9A5D-5D5A5D5A5D5A}"
EndProject
Global
	GlobalSection(SolutionConfigurationPlatforms) = preSolution
		Debug|Any CPU = Debug|Any CPU
		Release|Any CPU = Release|Any CPU
	EndGlobalSection
	GlobalSection(ProjectConfigurationPlatforms) = postSolution
		{632DBA3A-BAF8-458F-9C3D-DDFACCBEAD8E}.Debug|Any CPU.ActiveCfg = Debug|Any CPU
		{632DBA3A-BAF8-458F-9C3D-DDFACCBEAD8E}.Debug|Any CPU.Build.0 = Debug|Any CPU
		{632DBA3A-BAF8-458F-9C3D-DDFACCBEAD8E}.Release|Any CPU.ActiveCfg = Release|Any CPU
		{632DBA3A-BAF8-458F-9C3D-DDFACCBEAD8E}.Release|Any CPU.Build.0 = Release|Any CPU
		{D65CDC62-78AD-4FF7-B04A-E58B78E0B077}.Debug|Any CPU.ActiveCfg = Debug|Any CPU
		{D65CDC62-78AD-4FF7-B04A-E58B78E0B077}.Debug|Any CPU.Build.0 = Debug|Any CPU
		{D65CDC62-78AD-4FF7-B04A-E58B78E0B077}.Release|Any CPU.ActiveCfg = Release|Any CPU
		{D65CDC62-78AD-4FF7-B04A-E58B78E0B077}.Release|Any CPU.Build.0 = Release|Any CPU
		{8EC97DE8-DDFD-437A-B216-91DB8D1A3487}.Debug|Any CPU.ActiveCfg = Debug|Any CPU
		{8EC97DE8-DDFD-437A-B216-91DB8D1A3487}.Debug|Any CPU.Build.0 = Debug|Any CPU
		{8EC97DE8-DDFD-437A-B216-91DB8D1A3487}.Release|Any CPU.ActiveCfg = Release|Any CPU
		{8EC97DE8-DDFD-437A-B216-91DB8D1A3487}.Release|Any CPU.Build.0 = Release|Any CPU
		{4F4F1800-BE33-4D38-AD95-6835644C076E}.Debug|Any CPU.ActiveCfg = Debug|Any CPU
		{4F4F1800-BE33-4D38-AD95-6835644C076E}.Debug|Any CPU.Build.0 = Debug|Any CPU
		{4F4F1800-BE33-4D38-AD95-6835644C076E}.Release|Any CPU.ActiveCfg = Release|Any CPU
		{4F4F1800-BE33-4D38-AD95-6835644C076E}.Release|Any CPU.Build.0 = Release|Any CPU
		{BD558A71-1699-440F-9876-19322E658E88}.Debug|Any CPU.ActiveCfg = Debug|Any CPU
		{BD558A71-1699-440F-9876-19322E658E88}.Debug|Any CPU.Build.0 = Debug|Any CPU
		{BD558A71-1699-440F-9876-19322E658E88}.Release|Any CPU.ActiveCfg = Release|Any CPU
		{BD558A71-1699-440F-9876-19322E658E88}.Release|Any CPU.Build.0 = Release|Any CPU
		{7BCC43B1-33A8-44C8-8F4D-752D89672180}.Debug|Any CPU.ActiveCfg = Debug|Any CPU
		{7BCC43B1-33A8-44C8-8F4D-752D89672180}.Debug|Any CPU.Build.0 = Debug|Any CPU
		{7BCC43B1-33A8-44C8-8F4D-752D89672180}.Release|Any CPU.ActiveCfg = Release|Any CPU
		{7BCC43B1-33A8-44C8-8F4D-752D89672180}.Release|Any CPU.Build.0 = Release|Any CPU
		{5F99B6A4-5CB2-432B-8018-E2EDFBB957F7}.Debug|Any CPU.ActiveCfg = Debug|Any CPU
		{5F99B6A4-5CB2-432B-8018-E2EDFBB957F7}.Debug|Any CPU.Build.0 = Debug|Any CPU
		{5F99B6A4-5CB2-432B-8018-E2EDFBB957F7}.Release|Any CPU.ActiveCfg = Release|Any CPU
		{5F99B6A4-5CB2-432B-8018-E2EDFBB957F7}.Release|Any CPU.Build.0 = Release|Any CPU
		{2FA2525F-4FAA-45A6-8268-4D561F7C46F9}.Debug|Any CPU.ActiveCfg = Debug|Any CPU
		{2FA2525F-4FAA-45A6-8268-4D561F7C46F9}.Debug|Any CPU.Build.0 = Debug|Any CPU
		{2FA2525F-4FAA-45A6-8268-4D561F7C46F9}.Release|Any CPU.ActiveCfg = Release|Any CPU
		{2FA2525F-4FAA-45A6-8268-4D561F7C46F9}.Release|Any CPU.Build.0 = Release|Any CPU
		{06D57F9C-A784-433F-8FF3-0728FECF6F5C}.Debug|Any CPU.ActiveCfg = Debug|Any CPU
		{06D57F9C-A784-433F-8FF3-0728FECF6F5C}.Debug|Any CPU.Build.0 = Debug|Any CPU
		{06D57F9C-A784-433F-8FF3-0728FECF6F5C}.Release|Any CPU.ActiveCfg = Release|Any CPU
		{06D57F9C-A784-433F-8FF3-0728FECF6F5C}.Release|Any CPU.Build.0 = Release|Any CPU
		{B8B7C5E4-8F6A-4F4B-9A5D-5D5A5D5A5D5A}.Debug|Any CPU.ActiveCfg = Debug|Any CPU
		{B8B7C5E4-8F6A-4F4B-9A5D-5D5A5D5A5D5A}.Debug|Any CPU.Build.0 = Debug|Any CPU
		{B8B7C5E4-8F6A-4F4B-9A5D-5D5A5D5A5D5A}.Release|Any CPU.ActiveCfg = Release|Any CPU
		{B8B7C5E4-8F6A-4F4B-9A5D-5D5A5D5A5D5A}.Release|Any CPU.Build.0 = Release|Any CPU
	EndGlobalSection
	GlobalSection(SolutionProperties) = preSolution
		HideSolutionNode = FALSE
	EndGlobalSection
	GlobalSection(ExtensibilityGlobals) = postSolution
		SolutionGuid = {A1B2C3D4-E5F6-7890-ABCD-EF1234567890}
	EndGlobalSection
EndGlobal
